
Microsoft Visual Studio Solution File, Format Version 12.00
# Visual Studio Version 17
VisualStudioVersion = 17.5.33414.496
MinimumVisualStudioVersion = 10.0.40219.1
Project("{FAE04EC0-301F-11D3-BF4B-00C04F79EFBC}") = "rkfcc1", "rkfcc1.csproj", "{31854BD0-F35F-4B6B-963C-BC0796F67CEA}"
EndProject
Global
	GlobalSection(SolutionConfigurationPlatforms) = preSolution
		Debug|Any CPU = Debug|Any CPU
		Release|Any CPU = Release|Any CPU
	EndGlobalSection
	GlobalSection(ProjectConfigurationPlatforms) = postSolution
		{31854BD0-F35F-4B6B-963C-BC0796F67CEA}.Debug|Any CPU.ActiveCfg = Debug|Any CPU
		{31854BD0-F35F-4B6B-963C-BC0796F67CEA}.Debug|Any CPU.Build.0 = Debug|Any CPU
		{31854BD0-F35F-4B6B-963C-BC0796F67CEA}.Release|Any CPU.ActiveCfg = Release|Any CPU
		{31854BD0-F35F-4B6B-963C-BC0796F67CEA}.Release|Any CPU.Build.0 = Release|Any CPU
	EndGlobalSection
	GlobalSection(SolutionProperties) = preSolution
		HideSolutionNode = FALSE
	EndGlobalSection
	GlobalSection(ExtensibilityGlobals) = postSolution
		SolutionGuid = {D19FE30D-F4D6-4E7E-AD39-D2603D85BDE5}
	EndGlobalSection
EndGlobal
